
Microsoft Visual Studio Solution File, Format Version 11.00
# Visual Studio 2010
Project("{EDCC3B85-0BAD-11DB-BC1A-00112FDE8B61}") = "FluenTest", "FluenTest\FluenTest.nproj", "{A6D9ACC7-A57A-40BA-9923-62B06234D1F8}"
EndProject
Global
	GlobalSection(SolutionConfigurationPlatforms) = preSolution
		Debug|Any CPU = Debug|Any CPU
		Release|Any CPU = Release|Any CPU
	EndGlobalSection
	GlobalSection(ProjectConfigurationPlatforms) = postSolution
		{A6D9ACC7-A57A-40BA-9923-62B06234D1F8}.Debug|Any CPU.ActiveCfg = Debug|Any CPU
		{A6D9ACC7-A57A-40BA-9923-62B06234D1F8}.Debug|Any CPU.Build.0 = Debug|Any CPU
		{A6D9ACC7-A57A-40BA-9923-62B06234D1F8}.Release|Any CPU.ActiveCfg = Release|Any CPU
		{A6D9ACC7-A57A-40BA-9923-62B06234D1F8}.Release|Any CPU.Build.0 = Release|Any CPU
	EndGlobalSection
	GlobalSection(SolutionProperties) = preSolution
		HideSolutionNode = FALSE
	EndGlobalSection
EndGlobal
